{
  "name": "family-tree-shen",
  "version": "1.0.0",
  "lockfileVersion": 1,
  "requires": true,
  "dependencies": {
    "@antv/f6-wx": {
      "version": "0.0.6",
      "resolved": "http://npm.eslink.cc/@antv%2ff6-wx/-/f6-wx-0.0.6.tgz",
      "integrity": "sha512-Hgcj41EeHxuc3iJPvwsLoc2+mcjwdUVCOs4XjvaP9BerspWKAuPeOjNLrHhYKtP8jNzo4RuT7Ng2YCGXVlTlyw=="
    }
  }
}
